
Microsoft Visual Studio Solution File, Format Version 12.00
# Visual Studio 15
VisualStudioVersion = 15.0.27130.2024
MinimumVisualStudioVersion = 10.0.40219.1
Project("{FAE04EC0-301F-11D3-BF4B-00C04F79EFBC}") = "MQ2DotNet", "MQ2DotNet\MQ2DotNet.csproj", "{158B70BD-4F02-4A0B-9F8C-B56E9E422B24}"
EndProject
Project("{8BC9CEB8-8B4A-11D0-8D11-00A0C91BC942}") = "MQ2DotNetLoader", "MQ2DotNetLoader\MQ2DotNetLoader.vcxproj", "{40EA8037-3522-40CC-BB01-C666B8865E21}"
EndProject
Project("{7CF6DF6D-3B04-46F8-A40B-537D21BCA0B4}") = "Documentation", "Documentation\Documentation.shfbproj", "{8DE38F08-8711-4FB3-9D81-A0B56777EDC5}"
EndProject
Project("{2150E333-8FDC-42A3-9474-1A3956D46DE8}") = "Examples", "Examples", "{B78E6C95-13AF-4B9B-B679-A4D95F797F5D}"
EndProject
Project("{FAE04EC0-301F-11D3-BF4B-00C04F79EFBC}") = "Toolbox", "Examples\Toolbox\Toolbox.csproj", "{19F49178-2314-4448-A5F0-6EF17A2D3361}"
EndProject
Project("{FAE04EC0-301F-11D3-BF4B-00C04F79EFBC}") = "AddDataType", "Examples\AddDataType\AddDataType.csproj", "{F338DBDA-AA23-4B6B-A8F0-C12B0532FA6D}"
EndProject
Project("{2150E333-8FDC-42A3-9474-1A3956D46DE8}") = "Tests", "Tests", "{3DD7C4F9-0841-45EC-AD46-8D369F435779}"
EndProject
Project("{FAE04EC0-301F-11D3-BF4B-00C04F79EFBC}") = "TestPlugin", "TestPlugin\TestPlugin.csproj", "{C02C1815-2202-405B-B181-ACC906572AFB}"
EndProject
Project("{FAE04EC0-301F-11D3-BF4B-00C04F79EFBC}") = "TestProgram", "TestProgram\TestProgram.csproj", "{0FF0A7A7-5DA2-4E09-9544-1F71A437AA37}"
EndProject
Global
	GlobalSection(SolutionConfigurationPlatforms) = preSolution
		Debug|Any CPU = Debug|Any CPU
		Debug|x86 = Debug|x86
		Release|Any CPU = Release|Any CPU
		Release|x86 = Release|x86
	EndGlobalSection
	GlobalSection(ProjectConfigurationPlatforms) = postSolution
		{158B70BD-4F02-4A0B-9F8C-B56E9E422B24}.Debug|Any CPU.ActiveCfg = Debug|Any CPU
		{158B70BD-4F02-4A0B-9F8C-B56E9E422B24}.Debug|Any CPU.Build.0 = Debug|Any CPU
		{158B70BD-4F02-4A0B-9F8C-B56E9E422B24}.Debug|x86.ActiveCfg = Debug|Any CPU
		{158B70BD-4F02-4A0B-9F8C-B56E9E422B24}.Debug|x86.Build.0 = Debug|Any CPU
		{158B70BD-4F02-4A0B-9F8C-B56E9E422B24}.Release|Any CPU.ActiveCfg = Release|Any CPU
		{158B70BD-4F02-4A0B-9F8C-B56E9E422B24}.Release|Any CPU.Build.0 = Release|Any CPU
		{158B70BD-4F02-4A0B-9F8C-B56E9E422B24}.Release|x86.ActiveCfg = Release|Any CPU
		{158B70BD-4F02-4A0B-9F8C-B56E9E422B24}.Release|x86.Build.0 = Release|Any CPU
		{40EA8037-3522-40CC-BB01-C666B8865E21}.Debug|Any CPU.ActiveCfg = Debug|Win32
		{40EA8037-3522-40CC-BB01-C666B8865E21}.Debug|Any CPU.Build.0 = Debug|Win32
		{40EA8037-3522-40CC-BB01-C666B8865E21}.Debug|x86.ActiveCfg = Debug|Win32
		{40EA8037-3522-40CC-BB01-C666B8865E21}.Debug|x86.Build.0 = Debug|Win32
		{40EA8037-3522-40CC-BB01-C666B8865E21}.Release|Any CPU.ActiveCfg = Release|Win32
		{40EA8037-3522-40CC-BB01-C666B8865E21}.Release|Any CPU.Build.0 = Release|Win32
		{40EA8037-3522-40CC-BB01-C666B8865E21}.Release|x86.ActiveCfg = Release|Win32
		{40EA8037-3522-40CC-BB01-C666B8865E21}.Release|x86.Build.0 = Release|Win32
		{8DE38F08-8711-4FB3-9D81-A0B56777EDC5}.Debug|Any CPU.ActiveCfg = Debug|Any CPU
		{8DE38F08-8711-4FB3-9D81-A0B56777EDC5}.Debug|Any CPU.Build.0 = Debug|Any CPU
		{8DE38F08-8711-4FB3-9D81-A0B56777EDC5}.Debug|x86.ActiveCfg = Debug|Any CPU
		{8DE38F08-8711-4FB3-9D81-A0B56777EDC5}.Debug|x86.Build.0 = Debug|Any CPU
		{8DE38F08-8711-4FB3-9D81-A0B56777EDC5}.Release|Any CPU.ActiveCfg = Release|Any CPU
		{8DE38F08-8711-4FB3-9D81-A0B56777EDC5}.Release|Any CPU.Build.0 = Release|Any CPU
		{8DE38F08-8711-4FB3-9D81-A0B56777EDC5}.Release|x86.ActiveCfg = Release|Any CPU
		{8DE38F08-8711-4FB3-9D81-A0B56777EDC5}.Release|x86.Build.0 = Release|Any CPU
		{19F49178-2314-4448-A5F0-6EF17A2D3361}.Debug|Any CPU.ActiveCfg = Debug|Any CPU
		{19F49178-2314-4448-A5F0-6EF17A2D3361}.Debug|Any CPU.Build.0 = Debug|Any CPU
		{19F49178-2314-4448-A5F0-6EF17A2D3361}.Debug|x86.ActiveCfg = Debug|Any CPU
		{19F49178-2314-4448-A5F0-6EF17A2D3361}.Debug|x86.Build.0 = Debug|Any CPU
		{19F49178-2314-4448-A5F0-6EF17A2D3361}.Release|Any CPU.ActiveCfg = Release|Any CPU
		{19F49178-2314-4448-A5F0-6EF17A2D3361}.Release|Any CPU.Build.0 = Release|Any CPU
		{19F49178-2314-4448-A5F0-6EF17A2D3361}.Release|x86.ActiveCfg = Release|Any CPU
		{19F49178-2314-4448-A5F0-6EF17A2D3361}.Release|x86.Build.0 = Release|Any CPU
		{F338DBDA-AA23-4B6B-A8F0-C12B0532FA6D}.Debug|Any CPU.ActiveCfg = Debug|Any CPU
		{F338DBDA-AA23-4B6B-A8F0-C12B0532FA6D}.Debug|Any CPU.Build.0 = Debug|Any CPU
		{F338DBDA-AA23-4B6B-A8F0-C12B0532FA6D}.Debug|x86.ActiveCfg = Debug|Any CPU
		{F338DBDA-AA23-4B6B-A8F0-C12B0532FA6D}.Debug|x86.Build.0 = Debug|Any CPU
		{F338DBDA-AA23-4B6B-A8F0-C12B0532FA6D}.Release|Any CPU.ActiveCfg = Release|Any CPU
		{F338DBDA-AA23-4B6B-A8F0-C12B0532FA6D}.Release|Any CPU.Build.0 = Release|Any CPU
		{F338DBDA-AA23-4B6B-A8F0-C12B0532FA6D}.Release|x86.ActiveCfg = Release|Any CPU
		{F338DBDA-AA23-4B6B-A8F0-C12B0532FA6D}.Release|x86.Build.0 = Release|Any CPU
		{C02C1815-2202-405B-B181-ACC906572AFB}.Debug|Any CPU.ActiveCfg = Debug|Any CPU
		{C02C1815-2202-405B-B181-ACC906572AFB}.Debug|Any CPU.Build.0 = Debug|Any CPU
		{C02C1815-2202-405B-B181-ACC906572AFB}.Debug|x86.ActiveCfg = Debug|Any CPU
		{C02C1815-2202-405B-B181-ACC906572AFB}.Debug|x86.Build.0 = Debug|Any CPU
		{C02C1815-2202-405B-B181-ACC906572AFB}.Release|Any CPU.ActiveCfg = Release|Any CPU
		{C02C1815-2202-405B-B181-ACC906572AFB}.Release|Any CPU.Build.0 = Release|Any CPU
		{C02C1815-2202-405B-B181-ACC906572AFB}.Release|x86.ActiveCfg = Release|Any CPU
		{C02C1815-2202-405B-B181-ACC906572AFB}.Release|x86.Build.0 = Release|Any CPU
		{0FF0A7A7-5DA2-4E09-9544-1F71A437AA37}.Debug|Any CPU.ActiveCfg = Debug|Any CPU
		{0FF0A7A7-5DA2-4E09-9544-1F71A437AA37}.Debug|Any CPU.Build.0 = Debug|Any CPU
		{0FF0A7A7-5DA2-4E09-9544-1F71A437AA37}.Debug|x86.ActiveCfg = Debug|Any CPU
		{0FF0A7A7-5DA2-4E09-9544-1F71A437AA37}.Debug|x86.Build.0 = Debug|Any CPU
		{0FF0A7A7-5DA2-4E09-9544-1F71A437AA37}.Release|Any CPU.ActiveCfg = Release|Any CPU
		{0FF0A7A7-5DA2-4E09-9544-1F71A437AA37}.Release|Any CPU.Build.0 = Release|Any CPU
		{0FF0A7A7-5DA2-4E09-9544-1F71A437AA37}.Release|x86.ActiveCfg = Release|Any CPU
		{0FF0A7A7-5DA2-4E09-9544-1F71A437AA37}.Release|x86.Build.0 = Release|Any CPU
	EndGlobalSection
	GlobalSection(SolutionProperties) = preSolution
		HideSolutionNode = FALSE
	EndGlobalSection
	GlobalSection(NestedProjects) = preSolution
		{19F49178-2314-4448-A5F0-6EF17A2D3361} = {B78E6C95-13AF-4B9B-B679-A4D95F797F5D}
		{F338DBDA-AA23-4B6B-A8F0-C12B0532FA6D} = {B78E6C95-13AF-4B9B-B679-A4D95F797F5D}
		{C02C1815-2202-405B-B181-ACC906572AFB} = {3DD7C4F9-0841-45EC-AD46-8D369F435779}
		{0FF0A7A7-5DA2-4E09-9544-1F71A437AA37} = {3DD7C4F9-0841-45EC-AD46-8D369F435779}
	EndGlobalSection
	GlobalSection(ExtensibilityGlobals) = postSolution
		SolutionGuid = {3A5F6FC6-8612-4587-9706-DC0A4B559E22}
	EndGlobalSection
EndGlobal
